
Microsoft Visual Studio Solution File, Format Version 12.00
# Visual Studio 15
VisualStudioVersion = 15.0.27130.2010
MinimumVisualStudioVersion = 10.0.40219.1
Project("{9A19103F-16F7-4668-BE54-9A1E7A4F7556}") = "AspNetCoreIdentityServer4", "AspNetCoreIdentityServer4\AspNetCoreIdentityServer4.csproj", "{2C40287A-BD3C-4D8C-84D9-33AE54973C61}"
EndProject
Project("{9A19103F-16F7-4668-BE54-9A1E7A4F7556}") = "SeedingConsoleApp", "SeedingConsoleApp\SeedingConsoleApp.csproj", "{F3664F73-ED71-4602-861D-423EE430DEBF}"
EndProject
Project("{9A19103F-16F7-4668-BE54-9A1E7A4F7556}") = "ClientOne", "ClientOne\ClientOne.csproj", "{BB325C98-98EF-4778-B394-EED8A8BE3515}"
EndProject
Project("{9A19103F-16F7-4668-BE54-9A1E7A4F7556}") = "AspNetCoreIdentityServer4.Persistence", "AspNetCoreIdentityServer4.Persistence\AspNetCoreIdentityServer4.Persistence.csproj", "{B2F33762-018C-4E6A-A7A1-7DB88A49B132}"
EndProject
Project("{9A19103F-16F7-4668-BE54-9A1E7A4F7556}") = "ClientTwo", "ClientTwo\ClientTwo.csproj", "{FBC65088-9607-404B-A594-73D12594364C}"
EndProject
Global
	GlobalSection(SolutionConfigurationPlatforms) = preSolution
		Debug|Any CPU = Debug|Any CPU
		Release|Any CPU = Release|Any CPU
	EndGlobalSection
	GlobalSection(ProjectConfigurationPlatforms) = postSolution
		{2C40287A-BD3C-4D8C-84D9-33AE54973C61}.Debug|Any CPU.ActiveCfg = Debug|Any CPU
		{2C40287A-BD3C-4D8C-84D9-33AE54973C61}.Debug|Any CPU.Build.0 = Debug|Any CPU
		{2C40287A-BD3C-4D8C-84D9-33AE54973C61}.Release|Any CPU.ActiveCfg = Release|Any CPU
		{2C40287A-BD3C-4D8C-84D9-33AE54973C61}.Release|Any CPU.Build.0 = Release|Any CPU
		{F3664F73-ED71-4602-861D-423EE430DEBF}.Debug|Any CPU.ActiveCfg = Debug|Any CPU
		{F3664F73-ED71-4602-861D-423EE430DEBF}.Debug|Any CPU.Build.0 = Debug|Any CPU
		{F3664F73-ED71-4602-861D-423EE430DEBF}.Release|Any CPU.ActiveCfg = Release|Any CPU
		{F3664F73-ED71-4602-861D-423EE430DEBF}.Release|Any CPU.Build.0 = Release|Any CPU
		{BB325C98-98EF-4778-B394-EED8A8BE3515}.Debug|Any CPU.ActiveCfg = Debug|Any CPU
		{BB325C98-98EF-4778-B394-EED8A8BE3515}.Debug|Any CPU.Build.0 = Debug|Any CPU
		{BB325C98-98EF-4778-B394-EED8A8BE3515}.Release|Any CPU.ActiveCfg = Release|Any CPU
		{BB325C98-98EF-4778-B394-EED8A8BE3515}.Release|Any CPU.Build.0 = Release|Any CPU
		{B2F33762-018C-4E6A-A7A1-7DB88A49B132}.Debug|Any CPU.ActiveCfg = Debug|Any CPU
		{B2F33762-018C-4E6A-A7A1-7DB88A49B132}.Debug|Any CPU.Build.0 = Debug|Any CPU
		{B2F33762-018C-4E6A-A7A1-7DB88A49B132}.Release|Any CPU.ActiveCfg = Release|Any CPU
		{B2F33762-018C-4E6A-A7A1-7DB88A49B132}.Release|Any CPU.Build.0 = Release|Any CPU
		{FBC65088-9607-404B-A594-73D12594364C}.Debug|Any CPU.ActiveCfg = Debug|Any CPU
		{FBC65088-9607-404B-A594-73D12594364C}.Debug|Any CPU.Build.0 = Debug|Any CPU
		{FBC65088-9607-404B-A594-73D12594364C}.Release|Any CPU.ActiveCfg = Release|Any CPU
		{FBC65088-9607-404B-A594-73D12594364C}.Release|Any CPU.Build.0 = Release|Any CPU
	EndGlobalSection
	GlobalSection(SolutionProperties) = preSolution
		HideSolutionNode = FALSE
	EndGlobalSection
	GlobalSection(ExtensibilityGlobals) = postSolution
		SolutionGuid = {CD9FF5E4-41D0-4B40-99C1-9E100A90B806}
	EndGlobalSection
EndGlobal
